
Microsoft Visual Studio Solution File, Format Version 12.00
# Visual Studio 14
VisualStudioVersion = 14.0.25420.1
MinimumVisualStudioVersion = 10.0.40219.1
Project("{FAE04EC0-301F-11D3-BF4B-00C04F79EFBC}") = "00.Demos", "00.Demos\00.Demos.csproj", "{CA1713D0-368D-4513-8012-5259DF7493D7}"
EndProject
Project("{FAE04EC0-301F-11D3-BF4B-00C04F79EFBC}") = "00.DemoSorting", "00.DemoSorting\00.DemoSorting.csproj", "{02F73958-398E-42DB-BC9E-15715995BBB2}"
EndProject
Project("{FAE04EC0-301F-11D3-BF4B-00C04F79EFBC}") = "01.Fill the matrix", "01.Fill the matrix\01.Fill the matrix.csproj", "{482CE654-0F0B-4581-AC13-B32BE851F9F8}"
EndProject
Project("{FAE04EC0-301F-11D3-BF4B-00C04F79EFBC}") = "02.Maximal sum", "02.Maximal sum\02.Maximal sum.csproj", "{690CC741-1BA1-4FB2-81AF-814877A33BBA}"
EndProject
Project("{FAE04EC0-301F-11D3-BF4B-00C04F79EFBC}") = "03. Sequence in matrix", "03. Sequence in matrix\03. Sequence in matrix.csproj", "{432A3656-7D2B-44FD-8F17-BF94DDAE9B8A}"
EndProject
Project("{FAE04EC0-301F-11D3-BF4B-00C04F79EFBC}") = "04.Binary search", "04.Binary search\04.Binary search.csproj", "{D68F6FFA-5489-40F2-986D-BDE8E6DF9832}"
EndProject
Project("{FAE04EC0-301F-11D3-BF4B-00C04F79EFBC}") = "05.Sort by string length", "05.Sort by string length\05.Sort by string length.csproj", "{AEABE5C0-2299-4B43-8D7F-6D81D7859613}"
EndProject
Project("{FAE04EC0-301F-11D3-BF4B-00C04F79EFBC}") = "07.Largest area in matrix", "07.Largest area in matrix\07.Largest area in matrix.csproj", "{910DD617-BD84-43AE-B00C-145993B4F236}"
EndProject
Global
	GlobalSection(SolutionConfigurationPlatforms) = preSolution
		Debug|Any CPU = Debug|Any CPU
		Release|Any CPU = Release|Any CPU
	EndGlobalSection
	GlobalSection(ProjectConfigurationPlatforms) = postSolution
		{CA1713D0-368D-4513-8012-5259DF7493D7}.Debug|Any CPU.ActiveCfg = Debug|Any CPU
		{CA1713D0-368D-4513-8012-5259DF7493D7}.Debug|Any CPU.Build.0 = Debug|Any CPU
		{CA1713D0-368D-4513-8012-5259DF7493D7}.Release|Any CPU.ActiveCfg = Release|Any CPU
		{CA1713D0-368D-4513-8012-5259DF7493D7}.Release|Any CPU.Build.0 = Release|Any CPU
		{02F73958-398E-42DB-BC9E-15715995BBB2}.Debug|Any CPU.ActiveCfg = Debug|Any CPU
		{02F73958-398E-42DB-BC9E-15715995BBB2}.Debug|Any CPU.Build.0 = Debug|Any CPU
		{02F73958-398E-42DB-BC9E-15715995BBB2}.Release|Any CPU.ActiveCfg = Release|Any CPU
		{02F73958-398E-42DB-BC9E-15715995BBB2}.Release|Any CPU.Build.0 = Release|Any CPU
		{482CE654-0F0B-4581-AC13-B32BE851F9F8}.Debug|Any CPU.ActiveCfg = Debug|Any CPU
		{482CE654-0F0B-4581-AC13-B32BE851F9F8}.Debug|Any CPU.Build.0 = Debug|Any CPU
		{482CE654-0F0B-4581-AC13-B32BE851F9F8}.Release|Any CPU.ActiveCfg = Release|Any CPU
		{482CE654-0F0B-4581-AC13-B32BE851F9F8}.Release|Any CPU.Build.0 = Release|Any CPU
		{690CC741-1BA1-4FB2-81AF-814877A33BBA}.Debug|Any CPU.ActiveCfg = Debug|Any CPU
		{690CC741-1BA1-4FB2-81AF-814877A33BBA}.Debug|Any CPU.Build.0 = Debug|Any CPU
		{690CC741-1BA1-4FB2-81AF-814877A33BBA}.Release|Any CPU.ActiveCfg = Release|Any CPU
		{690CC741-1BA1-4FB2-81AF-814877A33BBA}.Release|Any CPU.Build.0 = Release|Any CPU
		{432A3656-7D2B-44FD-8F17-BF94DDAE9B8A}.Debug|Any CPU.ActiveCfg = Debug|Any CPU
		{432A3656-7D2B-44FD-8F17-BF94DDAE9B8A}.Debug|Any CPU.Build.0 = Debug|Any CPU
		{432A3656-7D2B-44FD-8F17-BF94DDAE9B8A}.Release|Any CPU.ActiveCfg = Release|Any CPU
		{432A3656-7D2B-44FD-8F17-BF94DDAE9B8A}.Release|Any CPU.Build.0 = Release|Any CPU
		{D68F6FFA-5489-40F2-986D-BDE8E6DF9832}.Debug|Any CPU.ActiveCfg = Debug|Any CPU
		{D68F6FFA-5489-40F2-986D-BDE8E6DF9832}.Debug|Any CPU.Build.0 = Debug|Any CPU
		{D68F6FFA-5489-40F2-986D-BDE8E6DF9832}.Release|Any CPU.ActiveCfg = Release|Any CPU
		{D68F6FFA-5489-40F2-986D-BDE8E6DF9832}.Release|Any CPU.Build.0 = Release|Any CPU
		{AEABE5C0-2299-4B43-8D7F-6D81D7859613}.Debug|Any CPU.ActiveCfg = Debug|Any CPU
		{AEABE5C0-2299-4B43-8D7F-6D81D7859613}.Debug|Any CPU.Build.0 = Debug|Any CPU
		{AEABE5C0-2299-4B43-8D7F-6D81D7859613}.Release|Any CPU.ActiveCfg = Release|Any CPU
		{AEABE5C0-2299-4B43-8D7F-6D81D7859613}.Release|Any CPU.Build.0 = Release|Any CPU
		{910DD617-BD84-43AE-B00C-145993B4F236}.Debug|Any CPU.ActiveCfg = Debug|Any CPU
		{910DD617-BD84-43AE-B00C-145993B4F236}.Debug|Any CPU.Build.0 = Debug|Any CPU
		{910DD617-BD84-43AE-B00C-145993B4F236}.Release|Any CPU.ActiveCfg = Release|Any CPU
		{910DD617-BD84-43AE-B00C-145993B4F236}.Release|Any CPU.Build.0 = Release|Any CPU
	EndGlobalSection
	GlobalSection(SolutionProperties) = preSolution
		HideSolutionNode = FALSE
	EndGlobalSection
EndGlobal
