
Microsoft Visual Studio Solution File, Format Version 12.00
# Visual Studio 14
VisualStudioVersion = 14.0.25420.1
MinimumVisualStudioVersion = 10.0.40219.1
Project("{FAE04EC0-301F-11D3-BF4B-00C04F79EFBC}") = "00.Demos", "00.Demos\00.Demos.csproj", "{CA1713D0-368D-4513-8012-5259DF7493D7}"
EndProject
Project("{FAE04EC0-301F-11D3-BF4B-00C04F79EFBC}") = "00.DemoSorting", "00.DemoSorting\00.DemoSorting.csproj", "{02F73958-398E-42DB-BC9E-15715995BBB2}"
EndProject
Project("{FAE04EC0-301F-11D3-BF4B-00C04F79EFBC}") = "01.Fill the matrix", "01.Fill the matrix\01.Fill the matrix.csproj", "{482CE654-0F0B-4581-AC13-B32BE851F9F8}"
EndProject
Global
	GlobalSection(SolutionConfigurationPlatforms) = preSolution
		Debug|Any CPU = Debug|Any CPU
		Release|Any CPU = Release|Any CPU
	EndGlobalSection
	GlobalSection(ProjectConfigurationPlatforms) = postSolution
		{CA1713D0-368D-4513-8012-5259DF7493D7}.Debug|Any CPU.ActiveCfg = Debug|Any CPU
		{CA1713D0-368D-4513-8012-5259DF7493D7}.Debug|Any CPU.Build.0 = Debug|Any CPU
		{CA1713D0-368D-4513-8012-5259DF7493D7}.Release|Any CPU.ActiveCfg = Release|Any CPU
		{CA1713D0-368D-4513-8012-5259DF7493D7}.Release|Any CPU.Build.0 = Release|Any CPU
		{02F73958-398E-42DB-BC9E-15715995BBB2}.Debug|Any CPU.ActiveCfg = Debug|Any CPU
		{02F73958-398E-42DB-BC9E-15715995BBB2}.Debug|Any CPU.Build.0 = Debug|Any CPU
		{02F73958-398E-42DB-BC9E-15715995BBB2}.Release|Any CPU.ActiveCfg = Release|Any CPU
		{02F73958-398E-42DB-BC9E-15715995BBB2}.Release|Any CPU.Build.0 = Release|Any CPU
		{482CE654-0F0B-4581-AC13-B32BE851F9F8}.Debug|Any CPU.ActiveCfg = Debug|Any CPU
		{482CE654-0F0B-4581-AC13-B32BE851F9F8}.Debug|Any CPU.Build.0 = Debug|Any CPU
		{482CE654-0F0B-4581-AC13-B32BE851F9F8}.Release|Any CPU.ActiveCfg = Release|Any CPU
		{482CE654-0F0B-4581-AC13-B32BE851F9F8}.Release|Any CPU.Build.0 = Release|Any CPU
	EndGlobalSection
	GlobalSection(SolutionProperties) = preSolution
		HideSolutionNode = FALSE
	EndGlobalSection
EndGlobal
