
Microsoft Visual Studio Solution File, Format Version 12.00
# Visual Studio 14
VisualStudioVersion = 14.0.25420.1
MinimumVisualStudioVersion = 10.0.40219.1
Project("{FAE04EC0-301F-11D3-BF4B-00C04F79EFBC}") = "01.Allocate array", "01.Allocate array\01.Allocate array.csproj", "{1FBB1E58-E1BC-408D-9754-D9A13A112E0A}"
EndProject
Project("{FAE04EC0-301F-11D3-BF4B-00C04F79EFBC}") = "03.Compare char arrays", "03.Compare char arrays\03.Compare char arrays.csproj", "{C6FD4A92-3C92-4C7A-9676-E153713CA126}"
EndProject
Project("{FAE04EC0-301F-11D3-BF4B-00C04F79EFBC}") = "04.Maximal sequence", "04.Maximal sequence\04.Maximal sequence.csproj", "{A4641556-A841-4F5D-B5AA-86B7972956B9}"
EndProject
Project("{FAE04EC0-301F-11D3-BF4B-00C04F79EFBC}") = "05.Maximal increasing sequence", "05.Maximal increasing sequence\05.Maximal increasing sequence.csproj", "{83DD0BA1-2146-4660-8F89-AE0AB7B81626}"
EndProject
Project("{FAE04EC0-301F-11D3-BF4B-00C04F79EFBC}") = "06. Maximal K sum", "06. Maximal K sum\06. Maximal K sum.csproj", "{DC4AA4C9-3F9A-4DD7-94A4-67AB0C633664}"
EndProject
Project("{FAE04EC0-301F-11D3-BF4B-00C04F79EFBC}") = "07. Selection sort", "07. Selection sort\07. Selection sort.csproj", "{FE247E9E-1114-474F-A417-D76B0A4C74EE}"
EndProject
Project("{FAE04EC0-301F-11D3-BF4B-00C04F79EFBC}") = "08.Maximal sum", "08.Maximal sum\08.Maximal sum.csproj", "{7A2F40B6-EF91-4C9A-B27F-6258F648D50D}"
EndProject
Project("{FAE04EC0-301F-11D3-BF4B-00C04F79EFBC}") = "09.Frequent number", "09.Frequent number\09.Frequent number.csproj", "{F1DEBE85-A9E4-44BC-9A89-5F6D64115229}"
EndProject
Project("{FAE04EC0-301F-11D3-BF4B-00C04F79EFBC}") = "10.Find sum in array", "10.Find sum in array\10.Find sum in array.csproj", "{70417852-D7E9-4D7E-A567-B0B0F8F2F1B8}"
EndProject
Project("{FAE04EC0-301F-11D3-BF4B-00C04F79EFBC}") = "11.Binary search", "11.Binary search\11.Binary search.csproj", "{A4DB8AC0-58EF-4A60-9974-806230FA5B1A}"
EndProject
Project("{FAE04EC0-301F-11D3-BF4B-00C04F79EFBC}") = "12.Index of letters", "12.Index of letters\12.Index of letters.csproj", "{016EC4F5-48B9-4446-A802-CBC1843D84E8}"
EndProject
Project("{FAE04EC0-301F-11D3-BF4B-00C04F79EFBC}") = "13.Merge sort", "13.Merge sort\13.Merge sort.csproj", "{FF0E889F-0BFD-4EF3-A09A-8B1264341362}"
EndProject
Project("{FAE04EC0-301F-11D3-BF4B-00C04F79EFBC}") = "14.Quick sort", "14.Quick sort\14.Quick sort.csproj", "{34A57FF6-8FEC-45C3-958D-87B04511A412}"
EndProject
Project("{FAE04EC0-301F-11D3-BF4B-00C04F79EFBC}") = "15.Prime numbers", "15.Prime numbers\15.Prime numbers.csproj", "{152EC0AA-92C1-4AB7-BCF9-7CBE1AE013E9}"
EndProject
Project("{FAE04EC0-301F-11D3-BF4B-00C04F79EFBC}") = "18.Remove Elements From Array", "18.Remove Elements From Array\18.Remove Elements From Array.csproj", "{9B127ACD-7A33-40F0-9DBC-26B63465343F}"
EndProject
Global
	GlobalSection(SolutionConfigurationPlatforms) = preSolution
		Debug|Any CPU = Debug|Any CPU
		Release|Any CPU = Release|Any CPU
	EndGlobalSection
	GlobalSection(ProjectConfigurationPlatforms) = postSolution
		{1FBB1E58-E1BC-408D-9754-D9A13A112E0A}.Debug|Any CPU.ActiveCfg = Debug|Any CPU
		{1FBB1E58-E1BC-408D-9754-D9A13A112E0A}.Debug|Any CPU.Build.0 = Debug|Any CPU
		{1FBB1E58-E1BC-408D-9754-D9A13A112E0A}.Release|Any CPU.ActiveCfg = Release|Any CPU
		{1FBB1E58-E1BC-408D-9754-D9A13A112E0A}.Release|Any CPU.Build.0 = Release|Any CPU
		{C6FD4A92-3C92-4C7A-9676-E153713CA126}.Debug|Any CPU.ActiveCfg = Debug|Any CPU
		{C6FD4A92-3C92-4C7A-9676-E153713CA126}.Debug|Any CPU.Build.0 = Debug|Any CPU
		{C6FD4A92-3C92-4C7A-9676-E153713CA126}.Release|Any CPU.ActiveCfg = Release|Any CPU
		{C6FD4A92-3C92-4C7A-9676-E153713CA126}.Release|Any CPU.Build.0 = Release|Any CPU
		{A4641556-A841-4F5D-B5AA-86B7972956B9}.Debug|Any CPU.ActiveCfg = Debug|Any CPU
		{A4641556-A841-4F5D-B5AA-86B7972956B9}.Debug|Any CPU.Build.0 = Debug|Any CPU
		{A4641556-A841-4F5D-B5AA-86B7972956B9}.Release|Any CPU.ActiveCfg = Release|Any CPU
		{A4641556-A841-4F5D-B5AA-86B7972956B9}.Release|Any CPU.Build.0 = Release|Any CPU
		{83DD0BA1-2146-4660-8F89-AE0AB7B81626}.Debug|Any CPU.ActiveCfg = Debug|Any CPU
		{83DD0BA1-2146-4660-8F89-AE0AB7B81626}.Debug|Any CPU.Build.0 = Debug|Any CPU
		{83DD0BA1-2146-4660-8F89-AE0AB7B81626}.Release|Any CPU.ActiveCfg = Release|Any CPU
		{83DD0BA1-2146-4660-8F89-AE0AB7B81626}.Release|Any CPU.Build.0 = Release|Any CPU
		{DC4AA4C9-3F9A-4DD7-94A4-67AB0C633664}.Debug|Any CPU.ActiveCfg = Debug|Any CPU
		{DC4AA4C9-3F9A-4DD7-94A4-67AB0C633664}.Debug|Any CPU.Build.0 = Debug|Any CPU
		{DC4AA4C9-3F9A-4DD7-94A4-67AB0C633664}.Release|Any CPU.ActiveCfg = Release|Any CPU
		{DC4AA4C9-3F9A-4DD7-94A4-67AB0C633664}.Release|Any CPU.Build.0 = Release|Any CPU
		{FE247E9E-1114-474F-A417-D76B0A4C74EE}.Debug|Any CPU.ActiveCfg = Debug|Any CPU
		{FE247E9E-1114-474F-A417-D76B0A4C74EE}.Debug|Any CPU.Build.0 = Debug|Any CPU
		{FE247E9E-1114-474F-A417-D76B0A4C74EE}.Release|Any CPU.ActiveCfg = Release|Any CPU
		{FE247E9E-1114-474F-A417-D76B0A4C74EE}.Release|Any CPU.Build.0 = Release|Any CPU
		{7A2F40B6-EF91-4C9A-B27F-6258F648D50D}.Debug|Any CPU.ActiveCfg = Debug|Any CPU
		{7A2F40B6-EF91-4C9A-B27F-6258F648D50D}.Debug|Any CPU.Build.0 = Debug|Any CPU
		{7A2F40B6-EF91-4C9A-B27F-6258F648D50D}.Release|Any CPU.ActiveCfg = Release|Any CPU
		{7A2F40B6-EF91-4C9A-B27F-6258F648D50D}.Release|Any CPU.Build.0 = Release|Any CPU
		{F1DEBE85-A9E4-44BC-9A89-5F6D64115229}.Debug|Any CPU.ActiveCfg = Debug|Any CPU
		{F1DEBE85-A9E4-44BC-9A89-5F6D64115229}.Debug|Any CPU.Build.0 = Debug|Any CPU
		{F1DEBE85-A9E4-44BC-9A89-5F6D64115229}.Release|Any CPU.ActiveCfg = Release|Any CPU
		{F1DEBE85-A9E4-44BC-9A89-5F6D64115229}.Release|Any CPU.Build.0 = Release|Any CPU
		{70417852-D7E9-4D7E-A567-B0B0F8F2F1B8}.Debug|Any CPU.ActiveCfg = Debug|Any CPU
		{70417852-D7E9-4D7E-A567-B0B0F8F2F1B8}.Debug|Any CPU.Build.0 = Debug|Any CPU
		{70417852-D7E9-4D7E-A567-B0B0F8F2F1B8}.Release|Any CPU.ActiveCfg = Release|Any CPU
		{70417852-D7E9-4D7E-A567-B0B0F8F2F1B8}.Release|Any CPU.Build.0 = Release|Any CPU
		{A4DB8AC0-58EF-4A60-9974-806230FA5B1A}.Debug|Any CPU.ActiveCfg = Debug|Any CPU
		{A4DB8AC0-58EF-4A60-9974-806230FA5B1A}.Debug|Any CPU.Build.0 = Debug|Any CPU
		{A4DB8AC0-58EF-4A60-9974-806230FA5B1A}.Release|Any CPU.ActiveCfg = Release|Any CPU
		{A4DB8AC0-58EF-4A60-9974-806230FA5B1A}.Release|Any CPU.Build.0 = Release|Any CPU
		{016EC4F5-48B9-4446-A802-CBC1843D84E8}.Debug|Any CPU.ActiveCfg = Debug|Any CPU
		{016EC4F5-48B9-4446-A802-CBC1843D84E8}.Debug|Any CPU.Build.0 = Debug|Any CPU
		{016EC4F5-48B9-4446-A802-CBC1843D84E8}.Release|Any CPU.ActiveCfg = Release|Any CPU
		{016EC4F5-48B9-4446-A802-CBC1843D84E8}.Release|Any CPU.Build.0 = Release|Any CPU
		{FF0E889F-0BFD-4EF3-A09A-8B1264341362}.Debug|Any CPU.ActiveCfg = Debug|Any CPU
		{FF0E889F-0BFD-4EF3-A09A-8B1264341362}.Debug|Any CPU.Build.0 = Debug|Any CPU
		{FF0E889F-0BFD-4EF3-A09A-8B1264341362}.Release|Any CPU.ActiveCfg = Release|Any CPU
		{FF0E889F-0BFD-4EF3-A09A-8B1264341362}.Release|Any CPU.Build.0 = Release|Any CPU
		{34A57FF6-8FEC-45C3-958D-87B04511A412}.Debug|Any CPU.ActiveCfg = Debug|Any CPU
		{34A57FF6-8FEC-45C3-958D-87B04511A412}.Debug|Any CPU.Build.0 = Debug|Any CPU
		{34A57FF6-8FEC-45C3-958D-87B04511A412}.Release|Any CPU.ActiveCfg = Release|Any CPU
		{34A57FF6-8FEC-45C3-958D-87B04511A412}.Release|Any CPU.Build.0 = Release|Any CPU
		{152EC0AA-92C1-4AB7-BCF9-7CBE1AE013E9}.Debug|Any CPU.ActiveCfg = Debug|Any CPU
		{152EC0AA-92C1-4AB7-BCF9-7CBE1AE013E9}.Debug|Any CPU.Build.0 = Debug|Any CPU
		{152EC0AA-92C1-4AB7-BCF9-7CBE1AE013E9}.Release|Any CPU.ActiveCfg = Release|Any CPU
		{152EC0AA-92C1-4AB7-BCF9-7CBE1AE013E9}.Release|Any CPU.Build.0 = Release|Any CPU
		{9B127ACD-7A33-40F0-9DBC-26B63465343F}.Debug|Any CPU.ActiveCfg = Debug|Any CPU
		{9B127ACD-7A33-40F0-9DBC-26B63465343F}.Debug|Any CPU.Build.0 = Debug|Any CPU
		{9B127ACD-7A33-40F0-9DBC-26B63465343F}.Release|Any CPU.ActiveCfg = Release|Any CPU
		{9B127ACD-7A33-40F0-9DBC-26B63465343F}.Release|Any CPU.Build.0 = Release|Any CPU
	EndGlobalSection
	GlobalSection(SolutionProperties) = preSolution
		HideSolutionNode = FALSE
	EndGlobalSection
EndGlobal
